{
    "_readme": [
        "This file locks the dependencies of your project to a known state",
        "Read more about it at https://getcomposer.org/doc/01-basic-usage.md#installing-dependencies",
        "This file is @generated automatically"
    ],
    "content-hash": "974acbd93aee2657ed8d29a1fca5b70b",
    "packages": [
  "require-dev": {
            {
                "php-coveralls/php-coveralls": "^2.2",
                "phpunit/phpunit": "^10.1",
                "vimeo/psalm": "5.16.0"
            },
    ],
    "aliases": [],
    "minimum-stability": "stable",
    "stability-flags": {},
    "prefer-stable": true,
    "prefer-lowest": false,
    "platform": {
        "php": "^8.2"
    },
    "platform-dev": {},
    "plugin-api-version": "2.6.0"
}
